
Microsoft Visual Studio Solution File, Format Version 12.00
# Visual Studio Version 16
VisualStudioVersion = 16.0.32126.315
MinimumVisualStudioVersion = 10.0.40219.1
Project("{FAE04EC0-301F-11D3-BF4B-00C04F79EFBC}") = "WindowManipulation", "WindowManipulation.csproj", "{B272B6CF-9920-455A-A35D-832EF72D2BE1}"
EndProject
Project("{FAE04EC0-301F-11D3-BF4B-00C04F79EFBC}") = "WindowManipulator.Library", "..\WindowManipulator.Library\WindowManipulator.Library.csproj", "{17EFA0C1-B93C-49CD-9BC6-F23A9FF09C16}"
EndProject
Project("{FAE04EC0-301F-11D3-BF4B-00C04F79EFBC}") = "WindowManipulator.UI", "..\WindowManipulator.UI\WindowManipulator.UI.csproj", "{222225A5-3640-40FF-BA6C-9B85B67CB983}"
EndProject
Global
	GlobalSection(SolutionConfigurationPlatforms) = preSolution
		Debug|Any CPU = Debug|Any CPU
		Release|Any CPU = Release|Any CPU
	EndGlobalSection
	GlobalSection(ProjectConfigurationPlatforms) = postSolution
		{B272B6CF-9920-455A-A35D-832EF72D2BE1}.Debug|Any CPU.ActiveCfg = Debug|Any CPU
		{B272B6CF-9920-455A-A35D-832EF72D2BE1}.Debug|Any CPU.Build.0 = Debug|Any CPU
		{B272B6CF-9920-455A-A35D-832EF72D2BE1}.Release|Any CPU.ActiveCfg = Release|Any CPU
		{B272B6CF-9920-455A-A35D-832EF72D2BE1}.Release|Any CPU.Build.0 = Release|Any CPU
		{17EFA0C1-B93C-49CD-9BC6-F23A9FF09C16}.Debug|Any CPU.ActiveCfg = Debug|Any CPU
		{17EFA0C1-B93C-49CD-9BC6-F23A9FF09C16}.Debug|Any CPU.Build.0 = Debug|Any CPU
		{17EFA0C1-B93C-49CD-9BC6-F23A9FF09C16}.Release|Any CPU.ActiveCfg = Release|Any CPU
		{17EFA0C1-B93C-49CD-9BC6-F23A9FF09C16}.Release|Any CPU.Build.0 = Release|Any CPU
		{222225A5-3640-40FF-BA6C-9B85B67CB983}.Debug|Any CPU.ActiveCfg = Debug|Any CPU
		{222225A5-3640-40FF-BA6C-9B85B67CB983}.Debug|Any CPU.Build.0 = Debug|Any CPU
		{222225A5-3640-40FF-BA6C-9B85B67CB983}.Release|Any CPU.ActiveCfg = Release|Any CPU
		{222225A5-3640-40FF-BA6C-9B85B67CB983}.Release|Any CPU.Build.0 = Release|Any CPU
	EndGlobalSection
	GlobalSection(SolutionProperties) = preSolution
		HideSolutionNode = FALSE
	EndGlobalSection
	GlobalSection(ExtensibilityGlobals) = postSolution
		SolutionGuid = {C60F646F-BC1B-4BA4-8B09-527F868C2727}
	EndGlobalSection
EndGlobal
